/data/vrc_his/douek_lab/projects/PathSeq/cokie_pathseq_rewrite/Output/Sample_582760806_A5_S33_R1_001/RNA_salmon_quant/kingdom_quant/salmon_allTaxLevels_finished.txt
/data/vrc_his/douek_lab/projects/PathSeq/cokie_pathseq_rewrite/Output/Sample_582760806_A5_S33_R1_001/RNA_salmon_quant/phylum_quant/salmon_allTaxLevels_finished.txt
/data/vrc_his/douek_lab/projects/PathSeq/cokie_pathseq_rewrite/Output/Sample_582760806_A5_S33_R1_001/RNA_salmon_quant/order_quant/salmon_allTaxLevels_finished.txt
/data/vrc_his/douek_lab/projects/PathSeq/cokie_pathseq_rewrite/Output/Sample_582760806_A5_S33_R1_001/RNA_salmon_quant/class_quant/salmon_allTaxLevels_finished.txt
/data/vrc_his/douek_lab/projects/PathSeq/cokie_pathseq_rewrite/Output/Sample_582760806_A5_S33_R1_001/RNA_salmon_quant/family_quant/salmon_allTaxLevels_finished.txt
/data/vrc_his/douek_lab/projects/PathSeq/cokie_pathseq_rewrite/Output/Sample_582760806_A5_S33_R1_001/RNA_salmon_quant/genus_quant/salmon_allTaxLevels_finished.txt
/data/vrc_his/douek_lab/projects/PathSeq/cokie_pathseq_rewrite/Output/Sample_582760806_A5_S33_R1_001/RNA_salmon_quant/species_quant/salmon_allTaxLevels_finished.txt
/data/vrc_his/douek_lab/projects/PathSeq/cokie_pathseq_rewrite/Output/Sample_582760806_A5_S33_R1_001/RNA_salmon_quant/kingdom_quant/582760806_A5_S33_R1_001_quant.sf
/data/vrc_his/douek_lab/projects/PathSeq/cokie_pathseq_rewrite/Output/Sample_582760806_A5_S33_R1_001/RNA_salmon_quant/phylum_quant/582760806_A5_S33_R1_001_quant.sf
/data/vrc_his/douek_lab/projects/PathSeq/cokie_pathseq_rewrite/Output/Sample_582760806_A5_S33_R1_001/RNA_salmon_quant/order_quant/582760806_A5_S33_R1_001_quant.sf
/data/vrc_his/douek_lab/projects/PathSeq/cokie_pathseq_rewrite/Output/Sample_582760806_A5_S33_R1_001/RNA_salmon_quant/class_quant/582760806_A5_S33_R1_001_quant.sf
/data/vrc_his/douek_lab/projects/PathSeq/cokie_pathseq_rewrite/Output/Sample_582760806_A5_S33_R1_001/RNA_salmon_quant/family_quant/582760806_A5_S33_R1_001_quant.sf
/data/vrc_his/douek_lab/projects/PathSeq/cokie_pathseq_rewrite/Output/Sample_582760806_A5_S33_R1_001/RNA_salmon_quant/genus_quant/582760806_A5_S33_R1_001_quant.sf
/data/vrc_his/douek_lab/projects/PathSeq/cokie_pathseq_rewrite/Output/Sample_582760806_A5_S33_R1_001/RNA_salmon_quant/species_quant/582760806_A5_S33_R1_001_quant.sf
/data/vrc_his/douek_lab/projects/PathSeq/cokie_pathseq_rewrite/PathSeq/SlurmSnakemakeBaseCode/salmonQuantSingleLevel.sh
/data/vrc_his/douek_lab/projects/PathSeq/2023020_EVD68_NS/Input_Data/582760806_A5_S33_R1_001.fastq.gz
/data/vrc_his/douek_lab/projects/PathSeq/2023020_EVD68_NS/Input_Data/582760806_A5_S33_R2_001.fastq.gz
/data/vrc_his/douek_lab/projects/PathSeq/cokie_pathseq_rewrite/Output/Sample_582760806_A5_S33_R1_001/RNA_salmon_quant/salmon/kingdom_sequences.fa
/data/vrc_his/douek_lab/projects/PathSeq/cokie_pathseq_rewrite/PathSeq/SlurmSnakemakeBaseCode/buildSalmon.sh
/data/vrc_his/douek_lab/projects/PathSeq/cokie_pathseq_rewrite/Output/Sample_582760806_A5_S33_R1_001/RNA_kaiju_output/sorted_protein_kaiju_RNA.tab
/data/vrc_his/douek_lab/projects/PathSeq/cokie_pathseq_rewrite/Output/Sample_582760806_A5_S33_R1_001/RNA_kaiju_output/formatted_non_host_proteins_nucleotide_RNA.fa
/data/vrc_his/douek_lab/projects/PathSeq/cokie_pathseq_rewrite/Output/Sample_582760806_A5_S33_R1_001/RNA_kaiju_output/formatted_non_host_proteins_RNA.faa
/data/vrc_his/douek_lab/projects/PathSeq/programs/PathSeqKaijuConcensusSplitter2/dist/PathSeqKaijuConcensusSplitter2.jar
/data/vrc_his/douek_lab/reference_sets/NCBI_nt/20220512/kaiju/nodes.dmp
/data/vrc_his/douek_lab/reference_sets/NCBI_nt/20220512/kaiju/nr_euk/qiime2_formatted_taxonomy.tab
/data/vrc_his/douek_lab/projects/PathSeq/cokie_pathseq_rewrite/PathSeq/SlurmSnakemakeBaseCode/protein_kaiju.sh
/data/vrc_his/douek_lab/reference_sets/NCBI_nt/20220512/kaiju/nodes.dmp
/data/vrc_his/douek_lab/reference_sets/NCBI_nt/20220512/kaiju/nr_euk/kaiju_db_nr_euk.fmi
/data/vrc_his/douek_lab/projects/PathSeq/cokie_pathseq_rewrite/Output/Sample_582760806_A5_S33_R1_001/RNA_trinity_filtered/nonMammal_trinity_Origin_RNA.fasta
/data/vrc_his/douek_lab/projects/PathSeq/cokie_pathseq_rewrite/PathSeq/SlurmSnakemakeBaseCode/array_filter_host.sh
/data/vrc_his/douek_lab/projects/PathSeq/cokie_pathseq_rewrite/Output/Sample_582760806_A5_S33_R1_001/RNA_trinity_output/formatted_myTrinity_Origin_RNA_Sample_582760806_A5_S33_R1_001.Trinity.fasta
/data/vrc_his/douek_lab/projects/PathSeq/programs/PathSeqRemoveHostForKaiju/dist/PathSeqRemoveHostForKaiju.jar
/data/vrc_his/douek_lab/reference_sets/NCBI_nt/20210716/Mammalia.fa
/data/vrc_his/douek_lab/projects/PathSeq/cokie_pathseq_rewrite/PathSeq/SlurmSnakemakeBaseCode/all_trinity.sh
/data/vrc_his/douek_lab/projects/PathSeq/cokie_pathseq_rewrite/Output/Sample_582760806_A5_S33_R1_001/primate_alignment_rates/unalignedRead1AgainstPrimate_582760806_A5_S33_R1_001.fq
/data/vrc_his/douek_lab/projects/PathSeq/cokie_pathseq_rewrite/Output/Sample_582760806_A5_S33_R1_001/primate_alignment_rates/unalignedRead1AgainstPrimate_582760806_A5_S33_R2_001.fq
/data/vrc_his/douek_lab/projects/PathSeq/cokie_pathseq_rewrite/PathSeq/SlurmSnakemakeBaseCode/bowtiePrimate.sh
/data/vrc_his/douek_lab/projects/PathSeq/cokie_pathseq_rewrite/Output/Sample_582760806_A5_S33_R1_001/Generated_Data_Star_Alignment/582760806_A5_S33_R1_001_unalignedRead1AgainstTranscriptome.fq
/data/vrc_his/douek_lab/projects/PathSeq/cokie_pathseq_rewrite/Output/Sample_582760806_A5_S33_R1_001/Generated_Data_Star_Alignment/582760806_A5_S33_R2_001_unalignedRead2AgainstTranscriptome.fq
/data/vrc_his/douek_lab/projects/PathSeq/cokie_pathseq_rewrite/PathSeq/SlurmSnakemakeBaseCode/starAfterBowtie.sh
/data/vrc_his/douek_lab/projects/PathSeq/cokie_pathseq_rewrite/Output/Sample_582760806_A5_S33_R1_001/Generated_Data_2nd_Bowtie_Alignment_Unmasked_Genome/unalignedRead1AgainstGenome_582760806_A5_S33_R1_001.fq
/data/vrc_his/douek_lab/projects/PathSeq/cokie_pathseq_rewrite/Output/Sample_582760806_A5_S33_R1_001/Generated_Data_2nd_Bowtie_Alignment_Unmasked_Genome/unalignedRead2AgainstGenome_582760806_A5_S33_R2_001.fq
/data/vrc_his/douek_lab/projects/PathSeq/cokie_pathseq_rewrite/PathSeq/SlurmSnakemakeBaseCode/bowtieUnmaskedGenome.sh
/data/vrc_his/douek_lab/projects/PathSeq/2023020_EVD68_NS/Input_Data/582760806_A5_S33_R1_001.fastq.gz
/data/vrc_his/douek_lab/projects/PathSeq/2023020_EVD68_NS/Input_Data/582760806_A5_S33_R2_001.fastq.gz
/data/vrc_his/douek_lab/projects/PathSeq/programs/picard/2.18.14/picard.jar
/data/vrc_his/douek_lab/projects/PathSeq/cokie_pathseq_rewrite/PathSeq/SlurmSnakemakeBaseCode/salmonQuantSingleLevel.sh
/data/vrc_his/douek_lab/projects/PathSeq/2023020_EVD68_NS/Input_Data/582760806_A5_S33_R1_001.fastq.gz
/data/vrc_his/douek_lab/projects/PathSeq/2023020_EVD68_NS/Input_Data/582760806_A5_S33_R2_001.fastq.gz
/data/vrc_his/douek_lab/projects/PathSeq/cokie_pathseq_rewrite/Output/Sample_582760806_A5_S33_R1_001/RNA_salmon_quant/salmon/phylum_sequences.fa
/data/vrc_his/douek_lab/projects/PathSeq/cokie_pathseq_rewrite/PathSeq/SlurmSnakemakeBaseCode/salmonQuantSingleLevel.sh
/data/vrc_his/douek_lab/projects/PathSeq/2023020_EVD68_NS/Input_Data/582760806_A5_S33_R1_001.fastq.gz
/data/vrc_his/douek_lab/projects/PathSeq/2023020_EVD68_NS/Input_Data/582760806_A5_S33_R2_001.fastq.gz
/data/vrc_his/douek_lab/projects/PathSeq/cokie_pathseq_rewrite/Output/Sample_582760806_A5_S33_R1_001/RNA_salmon_quant/salmon/order_sequences.fa
/data/vrc_his/douek_lab/projects/PathSeq/cokie_pathseq_rewrite/PathSeq/SlurmSnakemakeBaseCode/salmonQuantSingleLevel.sh
/data/vrc_his/douek_lab/projects/PathSeq/2023020_EVD68_NS/Input_Data/582760806_A5_S33_R1_001.fastq.gz
/data/vrc_his/douek_lab/projects/PathSeq/2023020_EVD68_NS/Input_Data/582760806_A5_S33_R2_001.fastq.gz
/data/vrc_his/douek_lab/projects/PathSeq/cokie_pathseq_rewrite/Output/Sample_582760806_A5_S33_R1_001/RNA_salmon_quant/salmon/class_sequences.fa
/data/vrc_his/douek_lab/projects/PathSeq/cokie_pathseq_rewrite/PathSeq/SlurmSnakemakeBaseCode/salmonQuantSingleLevel.sh
/data/vrc_his/douek_lab/projects/PathSeq/2023020_EVD68_NS/Input_Data/582760806_A5_S33_R1_001.fastq.gz
/data/vrc_his/douek_lab/projects/PathSeq/2023020_EVD68_NS/Input_Data/582760806_A5_S33_R2_001.fastq.gz
/data/vrc_his/douek_lab/projects/PathSeq/cokie_pathseq_rewrite/Output/Sample_582760806_A5_S33_R1_001/RNA_salmon_quant/salmon/family_sequences.fa
/data/vrc_his/douek_lab/projects/PathSeq/cokie_pathseq_rewrite/PathSeq/SlurmSnakemakeBaseCode/salmonQuantSingleLevel.sh
/data/vrc_his/douek_lab/projects/PathSeq/2023020_EVD68_NS/Input_Data/582760806_A5_S33_R1_001.fastq.gz
/data/vrc_his/douek_lab/projects/PathSeq/2023020_EVD68_NS/Input_Data/582760806_A5_S33_R2_001.fastq.gz
/data/vrc_his/douek_lab/projects/PathSeq/cokie_pathseq_rewrite/Output/Sample_582760806_A5_S33_R1_001/RNA_salmon_quant/salmon/genus_sequences.fa
/data/vrc_his/douek_lab/projects/PathSeq/cokie_pathseq_rewrite/PathSeq/SlurmSnakemakeBaseCode/salmonQuantSingleLevel.sh
/data/vrc_his/douek_lab/projects/PathSeq/2023020_EVD68_NS/Input_Data/582760806_A5_S33_R1_001.fastq.gz
/data/vrc_his/douek_lab/projects/PathSeq/2023020_EVD68_NS/Input_Data/582760806_A5_S33_R2_001.fastq.gz
/data/vrc_his/douek_lab/projects/PathSeq/cokie_pathseq_rewrite/Output/Sample_582760806_A5_S33_R1_001/RNA_salmon_quant/salmon/species_sequences.fa
/data/vrc_his/douek_lab/projects/PathSeq/cokie_pathseq_rewrite/Output/Sample_582760806_A5_S33_R1_001/RNA_salmon_quant/kingdom_quant/582760806_A5_S33_R1_001_quant.sf
/data/vrc_his/douek_lab/projects/PathSeq/cokie_pathseq_rewrite/Output/Sample_582760806_A5_S33_R1_001/RNA_salmon_quant/phylum_quant/582760806_A5_S33_R1_001_quant.sf
/data/vrc_his/douek_lab/projects/PathSeq/cokie_pathseq_rewrite/Output/Sample_582760806_A5_S33_R1_001/RNA_salmon_quant/order_quant/582760806_A5_S33_R1_001_quant.sf
/data/vrc_his/douek_lab/projects/PathSeq/cokie_pathseq_rewrite/Output/Sample_582760806_A5_S33_R1_001/RNA_salmon_quant/class_quant/582760806_A5_S33_R1_001_quant.sf
/data/vrc_his/douek_lab/projects/PathSeq/cokie_pathseq_rewrite/Output/Sample_582760806_A5_S33_R1_001/RNA_salmon_quant/family_quant/582760806_A5_S33_R1_001_quant.sf
/data/vrc_his/douek_lab/projects/PathSeq/cokie_pathseq_rewrite/Output/Sample_582760806_A5_S33_R1_001/RNA_salmon_quant/genus_quant/582760806_A5_S33_R1_001_quant.sf
/data/vrc_his/douek_lab/projects/PathSeq/cokie_pathseq_rewrite/Output/Sample_582760806_A5_S33_R1_001/RNA_salmon_quant/species_quant/582760806_A5_S33_R1_001_quant.sf
/data/vrc_his/douek_lab/projects/PathSeq/cokie_pathseq_rewrite/Output/Sample_582760806_A5_S33_R1_001/RNA_salmon_quant/kingdom_quant/582760806_A5_S33_R1_001_quant.sf
/data/vrc_his/douek_lab/projects/PathSeq/cokie_pathseq_rewrite/Output/Sample_582760806_A5_S33_R1_001/RNA_salmon_quant/phylum_quant/582760806_A5_S33_R1_001_quant.sf
/data/vrc_his/douek_lab/projects/PathSeq/cokie_pathseq_rewrite/Output/Sample_582760806_A5_S33_R1_001/RNA_salmon_quant/order_quant/582760806_A5_S33_R1_001_quant.sf
/data/vrc_his/douek_lab/projects/PathSeq/cokie_pathseq_rewrite/Output/Sample_582760806_A5_S33_R1_001/RNA_salmon_quant/class_quant/582760806_A5_S33_R1_001_quant.sf
/data/vrc_his/douek_lab/projects/PathSeq/cokie_pathseq_rewrite/Output/Sample_582760806_A5_S33_R1_001/RNA_salmon_quant/family_quant/582760806_A5_S33_R1_001_quant.sf
/data/vrc_his/douek_lab/projects/PathSeq/cokie_pathseq_rewrite/Output/Sample_582760806_A5_S33_R1_001/RNA_salmon_quant/genus_quant/582760806_A5_S33_R1_001_quant.sf
/data/vrc_his/douek_lab/projects/PathSeq/cokie_pathseq_rewrite/Output/Sample_582760806_A5_S33_R1_001/RNA_salmon_quant/species_quant/582760806_A5_S33_R1_001_quant.sf
/data/vrc_his/douek_lab/projects/PathSeq/cokie_pathseq_rewrite/Output/Sample_582760806_A5_S33_R1_001/RNA_salmon_quant/kingdom_quant/582760806_A5_S33_R1_001_quant.sf
/data/vrc_his/douek_lab/projects/PathSeq/cokie_pathseq_rewrite/Output/Sample_582760806_A5_S33_R1_001/RNA_salmon_quant/phylum_quant/582760806_A5_S33_R1_001_quant.sf
/data/vrc_his/douek_lab/projects/PathSeq/cokie_pathseq_rewrite/Output/Sample_582760806_A5_S33_R1_001/RNA_salmon_quant/order_quant/582760806_A5_S33_R1_001_quant.sf
/data/vrc_his/douek_lab/projects/PathSeq/cokie_pathseq_rewrite/Output/Sample_582760806_A5_S33_R1_001/RNA_salmon_quant/class_quant/582760806_A5_S33_R1_001_quant.sf
/data/vrc_his/douek_lab/projects/PathSeq/cokie_pathseq_rewrite/Output/Sample_582760806_A5_S33_R1_001/RNA_salmon_quant/family_quant/582760806_A5_S33_R1_001_quant.sf
/data/vrc_his/douek_lab/projects/PathSeq/cokie_pathseq_rewrite/Output/Sample_582760806_A5_S33_R1_001/RNA_salmon_quant/genus_quant/582760806_A5_S33_R1_001_quant.sf
/data/vrc_his/douek_lab/projects/PathSeq/cokie_pathseq_rewrite/Output/Sample_582760806_A5_S33_R1_001/RNA_salmon_quant/species_quant/582760806_A5_S33_R1_001_quant.sf
/data/vrc_his/douek_lab/projects/PathSeq/cokie_pathseq_rewrite/Output/Sample_582760806_A5_S33_R1_001/RNA_salmon_quant/kingdom_quant/582760806_A5_S33_R1_001_quant.sf
/data/vrc_his/douek_lab/projects/PathSeq/cokie_pathseq_rewrite/Output/Sample_582760806_A5_S33_R1_001/RNA_salmon_quant/phylum_quant/582760806_A5_S33_R1_001_quant.sf
/data/vrc_his/douek_lab/projects/PathSeq/cokie_pathseq_rewrite/Output/Sample_582760806_A5_S33_R1_001/RNA_salmon_quant/order_quant/582760806_A5_S33_R1_001_quant.sf
/data/vrc_his/douek_lab/projects/PathSeq/cokie_pathseq_rewrite/Output/Sample_582760806_A5_S33_R1_001/RNA_salmon_quant/class_quant/582760806_A5_S33_R1_001_quant.sf
/data/vrc_his/douek_lab/projects/PathSeq/cokie_pathseq_rewrite/Output/Sample_582760806_A5_S33_R1_001/RNA_salmon_quant/family_quant/582760806_A5_S33_R1_001_quant.sf
/data/vrc_his/douek_lab/projects/PathSeq/cokie_pathseq_rewrite/Output/Sample_582760806_A5_S33_R1_001/RNA_salmon_quant/genus_quant/582760806_A5_S33_R1_001_quant.sf
/data/vrc_his/douek_lab/projects/PathSeq/cokie_pathseq_rewrite/Output/Sample_582760806_A5_S33_R1_001/RNA_salmon_quant/species_quant/582760806_A5_S33_R1_001_quant.sf
/data/vrc_his/douek_lab/projects/PathSeq/cokie_pathseq_rewrite/Output/Sample_582760806_A5_S33_R1_001/RNA_salmon_quant/kingdom_quant/582760806_A5_S33_R1_001_quant.sf
/data/vrc_his/douek_lab/projects/PathSeq/cokie_pathseq_rewrite/Output/Sample_582760806_A5_S33_R1_001/RNA_salmon_quant/phylum_quant/582760806_A5_S33_R1_001_quant.sf
/data/vrc_his/douek_lab/projects/PathSeq/cokie_pathseq_rewrite/Output/Sample_582760806_A5_S33_R1_001/RNA_salmon_quant/order_quant/582760806_A5_S33_R1_001_quant.sf
/data/vrc_his/douek_lab/projects/PathSeq/cokie_pathseq_rewrite/Output/Sample_582760806_A5_S33_R1_001/RNA_salmon_quant/class_quant/582760806_A5_S33_R1_001_quant.sf
/data/vrc_his/douek_lab/projects/PathSeq/cokie_pathseq_rewrite/Output/Sample_582760806_A5_S33_R1_001/RNA_salmon_quant/family_quant/582760806_A5_S33_R1_001_quant.sf
/data/vrc_his/douek_lab/projects/PathSeq/cokie_pathseq_rewrite/Output/Sample_582760806_A5_S33_R1_001/RNA_salmon_quant/genus_quant/582760806_A5_S33_R1_001_quant.sf
/data/vrc_his/douek_lab/projects/PathSeq/cokie_pathseq_rewrite/Output/Sample_582760806_A5_S33_R1_001/RNA_salmon_quant/species_quant/582760806_A5_S33_R1_001_quant.sf
/data/vrc_his/douek_lab/projects/PathSeq/cokie_pathseq_rewrite/Output/Sample_582760806_A5_S33_R1_001/RNA_salmon_quant/kingdom_quant/582760806_A5_S33_R1_001_quant.sf
/data/vrc_his/douek_lab/projects/PathSeq/cokie_pathseq_rewrite/Output/Sample_582760806_A5_S33_R1_001/RNA_salmon_quant/phylum_quant/582760806_A5_S33_R1_001_quant.sf
/data/vrc_his/douek_lab/projects/PathSeq/cokie_pathseq_rewrite/Output/Sample_582760806_A5_S33_R1_001/RNA_salmon_quant/order_quant/582760806_A5_S33_R1_001_quant.sf
/data/vrc_his/douek_lab/projects/PathSeq/cokie_pathseq_rewrite/Output/Sample_582760806_A5_S33_R1_001/RNA_salmon_quant/class_quant/582760806_A5_S33_R1_001_quant.sf
/data/vrc_his/douek_lab/projects/PathSeq/cokie_pathseq_rewrite/Output/Sample_582760806_A5_S33_R1_001/RNA_salmon_quant/family_quant/582760806_A5_S33_R1_001_quant.sf
/data/vrc_his/douek_lab/projects/PathSeq/cokie_pathseq_rewrite/Output/Sample_582760806_A5_S33_R1_001/RNA_salmon_quant/genus_quant/582760806_A5_S33_R1_001_quant.sf
/data/vrc_his/douek_lab/projects/PathSeq/cokie_pathseq_rewrite/Output/Sample_582760806_A5_S33_R1_001/RNA_salmon_quant/species_quant/582760806_A5_S33_R1_001_quant.sf
