/data/home/parkercol/PathSeq/Tests/SkylineTest0/Output/Sample_582760806_A5_S33_R1_001_short_test_finished.txt
/data/home/parkercol/PathSeq/Tests/SkylineTest0/Output/Sample_582760806_A5_S33_R1_001_short_test/RNA_merge_TaxAndQuant/RNA_kingdom_582760806_A5_S33_R1_001_short_test_pseudocounts.csv
/data/home/parkercol/PathSeq/Tests/SkylineTest0/Output/Sample_582760806_A5_S33_R1_001_short_test/RNA_merge_TaxAndQuant/RNA_phylum_582760806_A5_S33_R1_001_short_test_pseudocounts.csv
/data/home/parkercol/PathSeq/Tests/SkylineTest0/Output/Sample_582760806_A5_S33_R1_001_short_test/RNA_merge_TaxAndQuant/RNA_order_582760806_A5_S33_R1_001_short_test_pseudocounts.csv
/data/home/parkercol/PathSeq/Tests/SkylineTest0/Output/Sample_582760806_A5_S33_R1_001_short_test/RNA_merge_TaxAndQuant/RNA_class_582760806_A5_S33_R1_001_short_test_pseudocounts.csv
/data/home/parkercol/PathSeq/Tests/SkylineTest0/Output/Sample_582760806_A5_S33_R1_001_short_test/RNA_merge_TaxAndQuant/RNA_family_582760806_A5_S33_R1_001_short_test_pseudocounts.csv
/data/home/parkercol/PathSeq/Tests/SkylineTest0/Output/Sample_582760806_A5_S33_R1_001_short_test/RNA_merge_TaxAndQuant/RNA_genus_582760806_A5_S33_R1_001_short_test_pseudocounts.csv
/data/home/parkercol/PathSeq/Tests/SkylineTest0/Output/Sample_582760806_A5_S33_R1_001_short_test/RNA_merge_TaxAndQuant/RNA_species_582760806_A5_S33_R1_001_short_test_pseudocounts.csv
/data/home/parkercol/PathSeq/SlurmBaseCode/mergeTaxonomyAndQuantificationSingleLevel.sh
/data/home/parkercol/PathSeq/Tests/SkylineTest0/Output/Sample_582760806_A5_S33_R1_001_short_test/RNA_salmon_quant/salmon/kingdom_table.csv
/data/home/parkercol/PathSeq/Tests/SkylineTest0/Output/Sample_582760806_A5_S33_R1_001_short_test/RNA_salmon_quant/kingdom_quant_582760806_A5_S33_R1_001_short_test/582760806_A5_S33_R1_001_short_test_quant.sf
/data/vrc_his/douek_lab/projects/PathSeq/programs/PathSeqMergeQIIME2TaxAndSalmon/dist/PathSeqMergeQIIME2TaxAndSalmon.jar
/data/home/parkercol/PathSeq/SlurmBaseCode/buildSalmon.sh
/data/home/parkercol/PathSeq/Tests/SkylineTest0/Output/Sample_582760806_A5_S33_R1_001_short_test/RNA_kaiju_output/sorted_protein_kaiju_RNA.tab
/data/home/parkercol/PathSeq/Tests/SkylineTest0/Output/Sample_582760806_A5_S33_R1_001_short_test/RNA_kaiju_output/formatted_non_host_proteins_nucleotide_RNA.fa
/data/home/parkercol/PathSeq/Tests/SkylineTest0/Output/Sample_582760806_A5_S33_R1_001_short_test/RNA_kaiju_output/formatted_non_host_proteins_RNA.faa
/data/vrc_his/douek_lab/projects/PathSeq/programs/PathSeqKaijuConcensusSplitter2/dist/PathSeqKaijuConcensusSplitter2.jar
/data/vrc_his/douek_lab/reference_sets/NCBI_nt/20220512/kaiju/nodes.dmp
/data/vrc_his/douek_lab/reference_sets/NCBI_nt/20220512/kaiju/nr_euk/qiime2_formatted_taxonomy.tab
/data/home/parkercol/PathSeq/SlurmBaseCode/protein_kaiju.sh
/data/vrc_his/douek_lab/reference_sets/NCBI_nt/20220512/kaiju/nodes.dmp
/data/vrc_his/douek_lab/reference_sets/NCBI_nt/20220512/kaiju/nr_euk/kaiju_db_nr_euk.fmi
/data/home/parkercol/PathSeq/Tests/SkylineTest0/Output/Sample_582760806_A5_S33_R1_001_short_test/RNA_trinity_filtered/nonMammal_trinity_Origin_RNA.fasta
/data/home/parkercol/PathSeq/SlurmBaseCode/array_filter_host.sh
/data/home/parkercol/PathSeq/Tests/SkylineTest0/Output/Sample_582760806_A5_S33_R1_001_short_test/RNA_trinity_output/formatted_myTrinity_Origin_RNA_Sample_582760806_A5_S33_R1_001_short_test.Trinity.fasta
/data/vrc_his/douek_lab/projects/PathSeq/programs/PathSeqRemoveHostForKaiju/dist/PathSeqRemoveHostForKaiju.jar
/data/vrc_his/douek_lab/reference_sets/NCBI_nt/20210716/Mammalia.fa
/data/home/parkercol/PathSeq/SlurmBaseCode/all_trinity.sh
/data/home/parkercol/PathSeq/Tests/SkylineTest0/Output/Sample_582760806_A5_S33_R1_001_short_test/primate_alignment_rates/unalignedRead1AgainstPrimate_582760806_A5_S33_R1_001_short_test.fq
/data/home/parkercol/PathSeq/Tests/SkylineTest0/Output/Sample_582760806_A5_S33_R1_001_short_test/primate_alignment_rates/unalignedRead1AgainstPrimate_582760806_A5_S33_R2_001_short_test.fq
/data/home/parkercol/PathSeq/SlurmBaseCode/bowtiePrimate.sh
/data/home/parkercol/PathSeq/Tests/SkylineTest0/Output/Sample_582760806_A5_S33_R1_001_short_test/Generated_Data_Star_Alignment/582760806_A5_S33_R1_001_short_test_unalignedRead1AgainstTranscriptome.fq
/data/home/parkercol/PathSeq/Tests/SkylineTest0/Output/Sample_582760806_A5_S33_R1_001_short_test/Generated_Data_Star_Alignment/582760806_A5_S33_R2_001_short_test_unalignedRead2AgainstTranscriptome.fq
/data/home/parkercol/PathSeq/SlurmBaseCode/starAfterBowtie.sh
/data/home/parkercol/PathSeq/Tests/SkylineTest0/Output/Sample_582760806_A5_S33_R1_001_short_test/Generated_Data_2nd_Bowtie_Alignment_Unmasked_Genome/unalignedRead1AgainstGenome_582760806_A5_S33_R1_001_short_test.fq
/data/home/parkercol/PathSeq/Tests/SkylineTest0/Output/Sample_582760806_A5_S33_R1_001_short_test/Generated_Data_2nd_Bowtie_Alignment_Unmasked_Genome/unalignedRead2AgainstGenome_582760806_A5_S33_R2_001_short_test.fq
/data/home/parkercol/PathSeq/SlurmBaseCode/bowtieUnmaskedGenome.sh
/data/home/parkercol/PathSeq/Tests/TestInput/582760806_A5_S33_R1_001_short_test.fastq.gz
/data/home/parkercol/PathSeq/Tests/TestInput/582760806_A5_S33_R2_001_short_test.fastq.gz
/data/vrc_his/douek_lab/projects/PathSeq/programs/picard/2.18.14/picard.jar
/data/home/parkercol/PathSeq/SlurmBaseCode/salmonQuantSingleLevel.sh
/data/home/parkercol/PathSeq/Tests/TestInput/582760806_A5_S33_R1_001_short_test.fastq.gz
/data/home/parkercol/PathSeq/Tests/TestInput/582760806_A5_S33_R2_001_short_test.fastq.gz
/data/home/parkercol/PathSeq/Tests/SkylineTest0/Output/Sample_582760806_A5_S33_R1_001_short_test/RNA_salmon_quant/salmon/kingdom_salmon
/data/home/parkercol/PathSeq/SlurmBaseCode/mergeTaxonomyAndQuantificationSingleLevel.sh
/data/home/parkercol/PathSeq/Tests/SkylineTest0/Output/Sample_582760806_A5_S33_R1_001_short_test/RNA_salmon_quant/salmon/phylum_table.csv
/data/home/parkercol/PathSeq/Tests/SkylineTest0/Output/Sample_582760806_A5_S33_R1_001_short_test/RNA_salmon_quant/phylum_quant_582760806_A5_S33_R1_001_short_test/582760806_A5_S33_R1_001_short_test_quant.sf
/data/vrc_his/douek_lab/projects/PathSeq/programs/PathSeqMergeQIIME2TaxAndSalmon/dist/PathSeqMergeQIIME2TaxAndSalmon.jar
/data/home/parkercol/PathSeq/SlurmBaseCode/salmonQuantSingleLevel.sh
/data/home/parkercol/PathSeq/Tests/TestInput/582760806_A5_S33_R1_001_short_test.fastq.gz
/data/home/parkercol/PathSeq/Tests/TestInput/582760806_A5_S33_R2_001_short_test.fastq.gz
/data/home/parkercol/PathSeq/Tests/SkylineTest0/Output/Sample_582760806_A5_S33_R1_001_short_test/RNA_salmon_quant/salmon/phylum_salmon
/data/home/parkercol/PathSeq/SlurmBaseCode/mergeTaxonomyAndQuantificationSingleLevel.sh
/data/home/parkercol/PathSeq/Tests/SkylineTest0/Output/Sample_582760806_A5_S33_R1_001_short_test/RNA_salmon_quant/salmon/order_table.csv
/data/home/parkercol/PathSeq/Tests/SkylineTest0/Output/Sample_582760806_A5_S33_R1_001_short_test/RNA_salmon_quant/order_quant_582760806_A5_S33_R1_001_short_test/582760806_A5_S33_R1_001_short_test_quant.sf
/data/vrc_his/douek_lab/projects/PathSeq/programs/PathSeqMergeQIIME2TaxAndSalmon/dist/PathSeqMergeQIIME2TaxAndSalmon.jar
/data/home/parkercol/PathSeq/SlurmBaseCode/salmonQuantSingleLevel.sh
/data/home/parkercol/PathSeq/Tests/TestInput/582760806_A5_S33_R1_001_short_test.fastq.gz
/data/home/parkercol/PathSeq/Tests/TestInput/582760806_A5_S33_R2_001_short_test.fastq.gz
/data/home/parkercol/PathSeq/Tests/SkylineTest0/Output/Sample_582760806_A5_S33_R1_001_short_test/RNA_salmon_quant/salmon/order_salmon
/data/home/parkercol/PathSeq/SlurmBaseCode/mergeTaxonomyAndQuantificationSingleLevel.sh
/data/home/parkercol/PathSeq/Tests/SkylineTest0/Output/Sample_582760806_A5_S33_R1_001_short_test/RNA_salmon_quant/salmon/class_table.csv
/data/home/parkercol/PathSeq/Tests/SkylineTest0/Output/Sample_582760806_A5_S33_R1_001_short_test/RNA_salmon_quant/class_quant_582760806_A5_S33_R1_001_short_test/582760806_A5_S33_R1_001_short_test_quant.sf
/data/vrc_his/douek_lab/projects/PathSeq/programs/PathSeqMergeQIIME2TaxAndSalmon/dist/PathSeqMergeQIIME2TaxAndSalmon.jar
/data/home/parkercol/PathSeq/SlurmBaseCode/salmonQuantSingleLevel.sh
/data/home/parkercol/PathSeq/Tests/TestInput/582760806_A5_S33_R1_001_short_test.fastq.gz
/data/home/parkercol/PathSeq/Tests/TestInput/582760806_A5_S33_R2_001_short_test.fastq.gz
/data/home/parkercol/PathSeq/Tests/SkylineTest0/Output/Sample_582760806_A5_S33_R1_001_short_test/RNA_salmon_quant/salmon/class_salmon
/data/home/parkercol/PathSeq/SlurmBaseCode/mergeTaxonomyAndQuantificationSingleLevel.sh
/data/home/parkercol/PathSeq/Tests/SkylineTest0/Output/Sample_582760806_A5_S33_R1_001_short_test/RNA_salmon_quant/salmon/family_table.csv
/data/home/parkercol/PathSeq/Tests/SkylineTest0/Output/Sample_582760806_A5_S33_R1_001_short_test/RNA_salmon_quant/family_quant_582760806_A5_S33_R1_001_short_test/582760806_A5_S33_R1_001_short_test_quant.sf
/data/vrc_his/douek_lab/projects/PathSeq/programs/PathSeqMergeQIIME2TaxAndSalmon/dist/PathSeqMergeQIIME2TaxAndSalmon.jar
/data/home/parkercol/PathSeq/SlurmBaseCode/salmonQuantSingleLevel.sh
/data/home/parkercol/PathSeq/Tests/TestInput/582760806_A5_S33_R1_001_short_test.fastq.gz
/data/home/parkercol/PathSeq/Tests/TestInput/582760806_A5_S33_R2_001_short_test.fastq.gz
/data/home/parkercol/PathSeq/Tests/SkylineTest0/Output/Sample_582760806_A5_S33_R1_001_short_test/RNA_salmon_quant/salmon/family_salmon
/data/home/parkercol/PathSeq/SlurmBaseCode/mergeTaxonomyAndQuantificationSingleLevel.sh
/data/home/parkercol/PathSeq/Tests/SkylineTest0/Output/Sample_582760806_A5_S33_R1_001_short_test/RNA_salmon_quant/salmon/genus_table.csv
/data/home/parkercol/PathSeq/Tests/SkylineTest0/Output/Sample_582760806_A5_S33_R1_001_short_test/RNA_salmon_quant/genus_quant_582760806_A5_S33_R1_001_short_test/582760806_A5_S33_R1_001_short_test_quant.sf
/data/vrc_his/douek_lab/projects/PathSeq/programs/PathSeqMergeQIIME2TaxAndSalmon/dist/PathSeqMergeQIIME2TaxAndSalmon.jar
/data/home/parkercol/PathSeq/SlurmBaseCode/salmonQuantSingleLevel.sh
/data/home/parkercol/PathSeq/Tests/TestInput/582760806_A5_S33_R1_001_short_test.fastq.gz
/data/home/parkercol/PathSeq/Tests/TestInput/582760806_A5_S33_R2_001_short_test.fastq.gz
/data/home/parkercol/PathSeq/Tests/SkylineTest0/Output/Sample_582760806_A5_S33_R1_001_short_test/RNA_salmon_quant/salmon/genus_salmon
/data/home/parkercol/PathSeq/SlurmBaseCode/mergeTaxonomyAndQuantificationSingleLevel.sh
/data/home/parkercol/PathSeq/Tests/SkylineTest0/Output/Sample_582760806_A5_S33_R1_001_short_test/RNA_salmon_quant/salmon/species_table.csv
/data/home/parkercol/PathSeq/Tests/SkylineTest0/Output/Sample_582760806_A5_S33_R1_001_short_test/RNA_salmon_quant/species_quant_582760806_A5_S33_R1_001_short_test/582760806_A5_S33_R1_001_short_test_quant.sf
/data/vrc_his/douek_lab/projects/PathSeq/programs/PathSeqMergeQIIME2TaxAndSalmon/dist/PathSeqMergeQIIME2TaxAndSalmon.jar
/data/home/parkercol/PathSeq/SlurmBaseCode/salmonQuantSingleLevel.sh
/data/home/parkercol/PathSeq/Tests/TestInput/582760806_A5_S33_R1_001_short_test.fastq.gz
/data/home/parkercol/PathSeq/Tests/TestInput/582760806_A5_S33_R2_001_short_test.fastq.gz
/data/home/parkercol/PathSeq/Tests/SkylineTest0/Output/Sample_582760806_A5_S33_R1_001_short_test/RNA_salmon_quant/salmon/species_salmon
