/data/parkercol/PathseqOutput/Sample_582760840_B5_S34_R1_001/Generated_Data_2nd_Bowtie_Alignment_Unmasked_Genome/unalignedRead1AgainstGenome_582760840_B5_S34_R1_001.fq
/data/parkercol/PathseqOutput/Sample_582760840_B5_S34_R1_001/Generated_Data_2nd_Bowtie_Alignment_Unmasked_Genome/unalignedRead2AgainstGenome_582760840_B5_S34_R2_001.fq
/data/parkercol/PathseqOutput/Sample_582760840_B5_S34_R1_001/ERCC_alignment_rates/ERCC_alignment_rate_582760840_B5_S34_R1_001.txt
/data/parkercol/PathseqOutput/Sample_582760840_B5_S34_R1_001/Generated_Data_2nd_Bowtie_Alignment_Unmasked_Genome/picard_stderr_582760840_B5_S34_R1_001.txt
/data/parkercol/PathseqOutput/Sample_582760840_B5_S34_R1_001/Generated_Data_2nd_Bowtie_Alignment_Unmasked_Genome/picard_stdout_582760840_B5_S34_R1_001.txt
/data/parkercol/PathseqOutput/Sample_582760840_B5_S34_R1_001/finished_bowtieUnmaskedGenome.txt
/data/parkercol/PathseqOutput/Sample_582760840_B5_S34_R1_001/RNA_trinity_output/formatted_myTrinity_Origin_RNA_Sample_582760840_B5_S34_R1_001.Trinity.fasta
/data/parkercol/PathseqOutput/Sample_582760840_B5_S34_R1_001/RNA_trinity_output/trinity_out_300_Sample_582760840_B5_S34_R1_001.txt
/data/parkercol/PathseqOutput/Sample_582760840_B5_S34_R1_001/RNA_trinity_output/trinity_err_300_Sample_582760840_B5_S34_R1_001.txt
/data/parkercol/PathseqOutput/Sample_582760840_B5_S34_R1_001/RNA_trinity_output/myTrinity_Origin_RNA_Sample_582760840_B5_S34_R1_001.Trinity.fasta
/data/parkercol/PathseqOutput/Sample_582760806_A5_S33_R1_001/RNA_trinity_output/formatted_myTrinity_Origin_RNA_Sample_582760806_A5_S33_R1_001.Trinity.fasta
/data/parkercol/PathseqOutput/Sample_582760806_A5_S33_R1_001/RNA_trinity_output/trinity_out_300_Sample_582760806_A5_S33_R1_001.txt
/data/parkercol/PathseqOutput/Sample_582760806_A5_S33_R1_001/RNA_trinity_output/trinity_err_300_Sample_582760806_A5_S33_R1_001.txt
/data/parkercol/PathseqOutput/Sample_582760806_A5_S33_R1_001/RNA_trinity_output/myTrinity_Origin_RNA_Sample_582760806_A5_S33_R1_001.Trinity.fasta
/data/parkercol/PathseqOutput/Sample_582760840_B5_S34_R1_001/primate_alignment_rates/unalignedRead1AgainstPrimate_582760840_B5_S34_R1_001.fq
/data/parkercol/PathseqOutput/Sample_582760840_B5_S34_R1_001/primate_alignment_rates/unalignedRead1AgainstPrimate_582760840_B5_S34_R2_001.fq
/data/parkercol/PathseqOutput/Sample_582760840_B5_S34_R1_001/Generated_Data_Star_Alignment/582760840_B5_S34_R1_001_unalignedRead1AgainstTranscriptome.fq
/data/parkercol/PathseqOutput/Sample_582760840_B5_S34_R1_001/Generated_Data_Star_Alignment/582760840_B5_S34_R2_001_unalignedRead2AgainstTranscriptome.fq
/data/parkercol/PathseqOutput/Sample_582760840_B5_S34_R1_001/Generated_Data_Star_Alignment/582760840_B5_S34_R1_001_star_alignment_stats.txt
